
Microsoft Visual Studio Solution File, Format Version 12.00
# Visual Studio Version 16
VisualStudioVersion = 16.0.30523.141
MinimumVisualStudioVersion = 10.0.40219.1
Project("{FAE04EC0-301F-11D3-BF4B-00C04F79EFBC}") = "PCShopBlazor", "PCShopBlazor\PCShopBlazor.csproj", "{AC693D18-009D-4B38-AF28-E08A335AACD7}"
EndProject
Global
	GlobalSection(SolutionConfigurationPlatforms) = preSolution
		Debug|Any CPU = Debug|Any CPU
		Release|Any CPU = Release|Any CPU
	EndGlobalSection
	GlobalSection(ProjectConfigurationPlatforms) = postSolution
		{AC693D18-009D-4B38-AF28-E08A335AACD7}.Debug|Any CPU.ActiveCfg = Debug|Any CPU
		{AC693D18-009D-4B38-AF28-E08A335AACD7}.Debug|Any CPU.Build.0 = Debug|Any CPU
		{AC693D18-009D-4B38-AF28-E08A335AACD7}.Release|Any CPU.ActiveCfg = Release|Any CPU
		{AC693D18-009D-4B38-AF28-E08A335AACD7}.Release|Any CPU.Build.0 = Release|Any CPU
	EndGlobalSection
	GlobalSection(SolutionProperties) = preSolution
		HideSolutionNode = FALSE
	EndGlobalSection
	GlobalSection(ExtensibilityGlobals) = postSolution
		SolutionGuid = {217D569D-6DA1-4C71-8FAF-0E618DA11274}
	EndGlobalSection
EndGlobal
